// !$*UTF8*$!
{
	archiveVersion = 1;
	classes = {
	};
	objectVersion = 50;
	objects = {

/* Begin PBXBuildFile section */
		920A4B5C2696DC8A0088279C /* AppDelegate.swift in Sources */ = {isa = PBXBuildFile; fileRef = 920A4B5B2696DC8A0088279C /* AppDelegate.swift */; };
		920A4B5E2696DC8A0088279C /* SceneDelegate.swift in Sources */ = {isa = PBXBuildFile; fileRef = 920A4B5D2696DC8A0088279C /* SceneDelegate.swift */; };
		920A4B632696DC8A0088279C /* Main.storyboard in Resources */ = {isa = PBXBuildFile; fileRef = 920A4B612696DC8A0088279C /* Main.storyboard */; };
		920A4B652696DC8E0088279C /* Assets.xcassets in Resources */ = {isa = PBXBuildFile; fileRef = 920A4B642696DC8E0088279C /* Assets.xcassets */; };
		920A4B682696DC8E0088279C /* LaunchScreen.storyboard in Resources */ = {isa = PBXBuildFile; fileRef = 920A4B662696DC8E0088279C /* LaunchScreen.storyboard */; };
		920A4B722696F7FC0088279C /* NetworkManager.swift in Sources */ = {isa = PBXBuildFile; fileRef = 920A4B712696F7FC0088279C /* NetworkManager.swift */; };
		920A4B742696FA850088279C /* WeatherData.swift in Sources */ = {isa = PBXBuildFile; fileRef = 920A4B732696FA850088279C /* WeatherData.swift */; };
		920A4B7A26976C710088279C /* MainViewController.swift in Sources */ = {isa = PBXBuildFile; fileRef = 920A4B7926976C710088279C /* MainViewController.swift */; };
		920A4B7C2698104F0088279C /* WeatherViewModel.swift in Sources */ = {isa = PBXBuildFile; fileRef = 920A4B7B2698104F0088279C /* WeatherViewModel.swift */; };
		920A4B7F269840CC0088279C /* TodayParamWeatherTableViewCell.swift in Sources */ = {isa = PBXBuildFile; fileRef = 920A4B7D269840CC0088279C /* TodayParamWeatherTableViewCell.swift */; };
		920A4B80269840CC0088279C /* TodayParamWeatherTableViewCell.xib in Resources */ = {isa = PBXBuildFile; fileRef = 920A4B7E269840CC0088279C /* TodayParamWeatherTableViewCell.xib */; };
		920A4B85269855F90088279C /* DayWeatherCollectionViewCell.swift in Sources */ = {isa = PBXBuildFile; fileRef = 920A4B83269855F90088279C /* DayWeatherCollectionViewCell.swift */; };
		920A4B86269855F90088279C /* DayWeatherCollectionViewCell.xib in Resources */ = {isa = PBXBuildFile; fileRef = 920A4B84269855F90088279C /* DayWeatherCollectionViewCell.xib */; };
		920A4B89269880A50088279C /* DaysCollectionViewCell.swift in Sources */ = {isa = PBXBuildFile; fileRef = 920A4B87269880A40088279C /* DaysCollectionViewCell.swift */; };
		920A4B8A269880A50088279C /* DaysCollectionViewCell.xib in Resources */ = {isa = PBXBuildFile; fileRef = 920A4B88269880A40088279C /* DaysCollectionViewCell.xib */; };
/* End PBXBuildFile section */

/* Begin PBXFileReference section */
		920A4B582696DC8A0088279C /* WeatherApp.app */ = {isa = PBXFileReference; explicitFileType = wrapper.application; includeInIndex = 0; path = WeatherApp.app; sourceTree = BUILT_PRODUCTS_DIR; };
		920A4B5B2696DC8A0088279C /* AppDelegate.swift */ = {isa = PBXFileReference; lastKnownFileType = sourcecode.swift; path = AppDelegate.swift; sourceTree = "<group>"; };
		920A4B5D2696DC8A0088279C /* SceneDelegate.swift */ = {isa = PBXFileReference; lastKnownFileType = sourcecode.swift; path = SceneDelegate.swift; sourceTree = "<group>"; };
		920A4B622696DC8A0088279C /* Base */ = {isa = PBXFileReference; lastKnownFileType = file.storyboard; name = Base; path = Base.lproj/Main.storyboard; sourceTree = "<group>"; };
		920A4B642696DC8E0088279C /* Assets.xcassets */ = {isa = PBXFileReference; lastKnownFileType = folder.assetcatalog; path = Assets.xcassets; sourceTree = "<group>"; };
		920A4B672696DC8E0088279C /* Base */ = {isa = PBXFileReference; lastKnownFileType = file.storyboard; name = Base; path = Base.lproj/LaunchScreen.storyboard; sourceTree = "<group>"; };
		920A4B692696DC8E0088279C /* Info.plist */ = {isa = PBXFileReference; lastKnownFileType = text.plist.xml; path = Info.plist; sourceTree = "<group>"; };
		920A4B6F2696DCBA0088279C /* ru */ = {isa = PBXFileReference; lastKnownFileType = text.plist.strings; name = ru; path = ru.lproj/Main.strings; sourceTree = "<group>"; };
		920A4B702696DCBA0088279C /* ru */ = {isa = PBXFileReference; lastKnownFileType = text.plist.strings; name = ru; path = ru.lproj/LaunchScreen.strings; sourceTree = "<group>"; };
		920A4B712696F7FC0088279C /* NetworkManager.swift */ = {isa = PBXFileReference; lastKnownFileType = sourcecode.swift; path = NetworkManager.swift; sourceTree = "<group>"; };
		920A4B732696FA850088279C /* WeatherData.swift */ = {isa = PBXFileReference; lastKnownFileType = sourcecode.swift; path = WeatherData.swift; sourceTree = "<group>"; };
		920A4B7926976C710088279C /* MainViewController.swift */ = {isa = PBXFileReference; lastKnownFileType = sourcecode.swift; path = MainViewController.swift; sourceTree = "<group>"; };
		920A4B7B2698104F0088279C /* WeatherViewModel.swift */ = {isa = PBXFileReference; lastKnownFileType = sourcecode.swift; path = WeatherViewModel.swift; sourceTree = "<group>"; };
		920A4B7D269840CC0088279C /* TodayParamWeatherTableViewCell.swift */ = {isa = PBXFileReference; lastKnownFileType = sourcecode.swift; path = TodayParamWeatherTableViewCell.swift; sourceTree = "<group>"; };
		920A4B7E269840CC0088279C /* TodayParamWeatherTableViewCell.xib */ = {isa = PBXFileReference; lastKnownFileType = file.xib; path = TodayParamWeatherTableViewCell.xib; sourceTree = "<group>"; };
		920A4B83269855F90088279C /* DayWeatherCollectionViewCell.swift */ = {isa = PBXFileReference; lastKnownFileType = sourcecode.swift; path = DayWeatherCollectionViewCell.swift; sourceTree = "<group>"; };
		920A4B84269855F90088279C /* DayWeatherCollectionViewCell.xib */ = {isa = PBXFileReference; lastKnownFileType = file.xib; path = DayWeatherCollectionViewCell.xib; sourceTree = "<group>"; };
		920A4B87269880A40088279C /* DaysCollectionViewCell.swift */ = {isa = PBXFileReference; lastKnownFileType = sourcecode.swift; path = DaysCollectionViewCell.swift; sourceTree = "<group>"; };
		920A4B88269880A40088279C /* DaysCollectionViewCell.xib */ = {isa = PBXFileReference; lastKnownFileType = file.xib; path = DaysCollectionViewCell.xib; sourceTree = "<group>"; };
/* End PBXFileReference section */

/* Begin PBXFrameworksBuildPhase section */
		920A4B552696DC8A0088279C /* Frameworks */ = {
			isa = PBXFrameworksBuildPhase;
			buildActionMask = 2147483647;
			files = (
			);
			runOnlyForDeploymentPostprocessing = 0;
		};
/* End PBXFrameworksBuildPhase section */

/* Begin PBXGroup section */
		920A4B4F2696DC890088279C = {
			isa = PBXGroup;
			children = (
				920A4B5A2696DC8A0088279C /* WeatherApp */,
				920A4B592696DC8A0088279C /* Products */,
			);
			sourceTree = "<group>";
		};
		920A4B592696DC8A0088279C /* Products */ = {
			isa = PBXGroup;
			children = (
				920A4B582696DC8A0088279C /* WeatherApp.app */,
			);
			name = Products;
			sourceTree = "<group>";
		};
		920A4B5A2696DC8A0088279C /* WeatherApp */ = {
			isa = PBXGroup;
			children = (
				920A4B7D269840CC0088279C /* TodayParamWeatherTableViewCell.swift */,
				920A4B7E269840CC0088279C /* TodayParamWeatherTableViewCell.xib */,
				920A4B5B2696DC8A0088279C /* AppDelegate.swift */,
				920A4B5D2696DC8A0088279C /* SceneDelegate.swift */,
				920A4B732696FA850088279C /* WeatherData.swift */,
				920A4B712696F7FC0088279C /* NetworkManager.swift */,
				920A4B612696DC8A0088279C /* Main.storyboard */,
				920A4B87269880A40088279C /* DaysCollectionViewCell.swift */,
				920A4B88269880A40088279C /* DaysCollectionViewCell.xib */,
				920A4B7926976C710088279C /* MainViewController.swift */,
				920A4B7B2698104F0088279C /* WeatherViewModel.swift */,
				920A4B642696DC8E0088279C /* Assets.xcassets */,
				920A4B662696DC8E0088279C /* LaunchScreen.storyboard */,
				920A4B692696DC8E0088279C /* Info.plist */,
				920A4B83269855F90088279C /* DayWeatherCollectionViewCell.swift */,
				920A4B84269855F90088279C /* DayWeatherCollectionViewCell.xib */,
			);
			path = WeatherApp;
			sourceTree = "<group>";
		};
/* End PBXGroup section */

/* Begin PBXNativeTarget section */
		920A4B572696DC8A0088279C /* WeatherApp */ = {
			isa = PBXNativeTarget;
			buildConfigurationList = 920A4B6C2696DC8E0088279C /* Build configuration list for PBXNativeTarget "WeatherApp" */;
			buildPhases = (
				920A4B542696DC8A0088279C /* Sources */,
				920A4B552696DC8A0088279C /* Frameworks */,
				920A4B562696DC8A0088279C /* Resources */,
			);
			buildRules = (
			);
			dependencies = (
			);
			name = WeatherApp;
			productName = WeatherApp;
			productReference = 920A4B582696DC8A0088279C /* WeatherApp.app */;
			productType = "com.apple.product-type.application";
		};
/* End PBXNativeTarget section */

/* Begin PBXProject section */
		920A4B502696DC8A0088279C /* Project object */ = {
			isa = PBXProject;
			attributes = {
				LastSwiftUpdateCheck = 1250;
				LastUpgradeCheck = 1250;
				TargetAttributes = {
					920A4B572696DC8A0088279C = {
						CreatedOnToolsVersion = 12.5.1;
					};
				};
			};
			buildConfigurationList = 920A4B532696DC8A0088279C /* Build configuration list for PBXProject "WeatherApp" */;
			compatibilityVersion = "Xcode 9.3";
			developmentRegion = en;
			hasScannedForEncodings = 0;
			knownRegions = (
				en,
				Base,
				ru,
			);
			mainGroup = 920A4B4F2696DC890088279C;
			productRefGroup = 920A4B592696DC8A0088279C /* Products */;
			projectDirPath = "";
			projectRoot = "";
			targets = (
				920A4B572696DC8A0088279C /* WeatherApp */,
			);
		};
/* End PBXProject section */

/* Begin PBXResourcesBuildPhase section */
		920A4B562696DC8A0088279C /* Resources */ = {
			isa = PBXResourcesBuildPhase;
			buildActionMask = 2147483647;
			files = (
				920A4B682696DC8E0088279C /* LaunchScreen.storyboard in Resources */,
				920A4B80269840CC0088279C /* TodayParamWeatherTableViewCell.xib in Resources */,
				920A4B652696DC8E0088279C /* Assets.xcassets in Resources */,
				920A4B86269855F90088279C /* DayWeatherCollectionViewCell.xib in Resources */,
				920A4B632696DC8A0088279C /* Main.storyboard in Resources */,
				920A4B8A269880A50088279C /* DaysCollectionViewCell.xib in Resources */,
			);
			runOnlyForDeploymentPostprocessing = 0;
		};
/* End PBXResourcesBuildPhase section */

/* Begin PBXSourcesBuildPhase section */
		920A4B542696DC8A0088279C /* Sources */ = {
			isa = PBXSourcesBuildPhase;
			buildActionMask = 2147483647;
			files = (
				920A4B722696F7FC0088279C /* NetworkManager.swift in Sources */,
				920A4B7C2698104F0088279C /* WeatherViewModel.swift in Sources */,
				920A4B85269855F90088279C /* DayWeatherCollectionViewCell.swift in Sources */,
				920A4B742696FA850088279C /* WeatherData.swift in Sources */,
				920A4B89269880A50088279C /* DaysCollectionViewCell.swift in Sources */,
				920A4B7A26976C710088279C /* MainViewController.swift in Sources */,
				920A4B5C2696DC8A0088279C /* AppDelegate.swift in Sources */,
				920A4B7F269840CC0088279C /* TodayParamWeatherTableViewCell.swift in Sources */,
				920A4B5E2696DC8A0088279C /* SceneDelegate.swift in Sources */,
			);
			runOnlyForDeploymentPostprocessing = 0;
		};
/* End PBXSourcesBuildPhase section */

/* Begin PBXVariantGroup section */
		920A4B612696DC8A0088279C /* Main.storyboard */ = {
			isa = PBXVariantGroup;
			children = (
				920A4B622696DC8A0088279C /* Base */,
				920A4B6F2696DCBA0088279C /* ru */,
			);
			name = Main.storyboard;
			sourceTree = "<group>";
		};
		920A4B662696DC8E0088279C /* LaunchScreen.storyboard */ = {
			isa = PBXVariantGroup;
			children = (
				920A4B672696DC8E0088279C /* Base */,
				920A4B702696DCBA0088279C /* ru */,
			);
			name = LaunchScreen.storyboard;
			sourceTree = "<group>";
		};
/* End PBXVariantGroup section */

/* Begin XCBuildConfiguration section */
		920A4B6A2696DC8E0088279C /* Debug */ = {
			isa = XCBuildConfiguration;
			buildSettings = {
				ALWAYS_SEARCH_USER_PATHS = NO;
				CLANG_ANALYZER_LOCALIZABILITY_NONLOCALIZED = YES;
				CLANG_ANALYZER_NONNULL = YES;
				CLANG_ANALYZER_NUMBER_OBJECT_CONVERSION = YES_AGGRESSIVE;
				CLANG_CXX_LANGUAGE_STANDARD = "gnu++14";
				CLANG_CXX_LIBRARY = "libc++";
				CLANG_ENABLE_MODULES = YES;
				CLANG_ENABLE_OBJC_ARC = YES;
				CLANG_ENABLE_OBJC_WEAK = YES;
				CLANG_WARN_BLOCK_CAPTURE_AUTORELEASING = YES;
				CLANG_WARN_BOOL_CONVERSION = YES;
				CLANG_WARN_COMMA = YES;
				CLANG_WARN_CONSTANT_CONVERSION = YES;
				CLANG_WARN_DEPRECATED_OBJC_IMPLEMENTATIONS = YES;
				CLANG_WARN_DIRECT_OBJC_ISA_USAGE = YES_ERROR;
				CLANG_WARN_DOCUMENTATION_COMMENTS = YES;
				CLANG_WARN_EMPTY_BODY = YES;
				CLANG_WARN_ENUM_CONVERSION = YES;
				CLANG_WARN_INFINITE_RECURSION = YES;
				CLANG_WARN_INT_CONVERSION = YES;
				CLANG_WARN_NON_LITERAL_NULL_CONVERSION = YES;
				CLANG_WARN_OBJC_IMPLICIT_RETAIN_SELF = YES;
				CLANG_WARN_OBJC_LITERAL_CONVERSION = YES;
				CLANG_WARN_OBJC_ROOT_CLASS = YES_ERROR;
				CLANG_WARN_QUOTED_INCLUDE_IN_FRAMEWORK_HEADER = YES;
				CLANG_WARN_RANGE_LOOP_ANALYSIS = YES;
				CLANG_WARN_STRICT_PROTOTYPES = YES;
				CLANG_WARN_SUSPICIOUS_MOVE = YES;
				CLANG_WARN_UNGUARDED_AVAILABILITY = YES_AGGRESSIVE;
				CLANG_WARN_UNREACHABLE_CODE = YES;
				CLANG_WARN__DUPLICATE_METHOD_MATCH = YES;
				COPY_PHASE_STRIP = NO;
				DEBUG_INFORMATION_FORMAT = dwarf;
				ENABLE_STRICT_OBJC_MSGSEND = YES;
				ENABLE_TESTABILITY = YES;
				GCC_C_LANGUAGE_STANDARD = gnu11;
				GCC_DYNAMIC_NO_PIC = NO;
				GCC_NO_COMMON_BLOCKS = YES;
				GCC_OPTIMIZATION_LEVEL = 0;
				GCC_PREPROCESSOR_DEFINITIONS = (
					"DEBUG=1",
					"$(inherited)",
				);
				GCC_WARN_64_TO_32_BIT_CONVERSION = YES;
				GCC_WARN_ABOUT_RETURN_TYPE = YES_ERROR;
				GCC_WARN_UNDECLARED_SELECTOR = YES;
				GCC_WARN_UNINITIALIZED_AUTOS = YES_AGGRESSIVE;
				GCC_WARN_UNUSED_FUNCTION = YES;
				GCC_WARN_UNUSED_VARIABLE = YES;
				IPHONEOS_DEPLOYMENT_TARGET = 14.5;
				MTL_ENABLE_DEBUG_INFO = INCLUDE_SOURCE;
				MTL_FAST_MATH = YES;
				ONLY_ACTIVE_ARCH = YES;
				SDKROOT = iphoneos;
				SWIFT_ACTIVE_COMPILATION_CONDITIONS = DEBUG;
				SWIFT_OPTIMIZATION_LEVEL = "-Onone";
			};
			name = Debug;
		};
		920A4B6B2696DC8E0088279C /* Release */ = {
			isa = XCBuildConfiguration;
			buildSettings = {
				ALWAYS_SEARCH_USER_PATHS = NO;
				CLANG_ANALYZER_LOCALIZABILITY_NONLOCALIZED = YES;
				CLANG_ANALYZER_NONNULL = YES;
				CLANG_ANALYZER_NUMBER_OBJECT_CONVERSION = YES_AGGRESSIVE;
				CLANG_CXX_LANGUAGE_STANDARD = "gnu++14";
				CLANG_CXX_LIBRARY = "libc++";
				CLANG_ENABLE_MODULES = YES;
				CLANG_ENABLE_OBJC_ARC = YES;
				CLANG_ENABLE_OBJC_WEAK = YES;
				CLANG_WARN_BLOCK_CAPTURE_AUTORELEASING = YES;
				CLANG_WARN_BOOL_CONVERSION = YES;
				CLANG_WARN_COMMA = YES;
				CLANG_WARN_CONSTANT_CONVERSION = YES;
				CLANG_WARN_DEPRECATED_OBJC_IMPLEMENTATIONS = YES;
				CLANG_WARN_DIRECT_OBJC_ISA_USAGE = YES_ERROR;
				CLANG_WARN_DOCUMENTATION_COMMENTS = YES;
				CLANG_WARN_EMPTY_BODY = YES;
				CLANG_WARN_ENUM_CONVERSION = YES;
				CLANG_WARN_INFINITE_RECURSION = YES;
				CLANG_WARN_INT_CONVERSION = YES;
				CLANG_WARN_NON_LITERAL_NULL_CONVERSION = YES;
				CLANG_WARN_OBJC_IMPLICIT_RETAIN_SELF = YES;
				CLANG_WARN_OBJC_LITERAL_CONVERSION = YES;
				CLANG_WARN_OBJC_ROOT_CLASS = YES_ERROR;
				CLANG_WARN_QUOTED_INCLUDE_IN_FRAMEWORK_HEADER = YES;
				CLANG_WARN_RANGE_LOOP_ANALYSIS = YES;
				CLANG_WARN_STRICT_PROTOTYPES = YES;
				CLANG_WARN_SUSPICIOUS_MOVE = YES;
				CLANG_WARN_UNGUARDED_AVAILABILITY = YES_AGGRESSIVE;
				CLANG_WARN_UNREACHABLE_CODE = YES;
				CLANG_WARN__DUPLICATE_METHOD_MATCH = YES;
				COPY_PHASE_STRIP = NO;
				DEBUG_INFORMATION_FORMAT = "dwarf-with-dsym";
				ENABLE_NS_ASSERTIONS = NO;
				ENABLE_STRICT_OBJC_MSGSEND = YES;
				GCC_C_LANGUAGE_STANDARD = gnu11;
				GCC_NO_COMMON_BLOCKS = YES;
				GCC_WARN_64_TO_32_BIT_CONVERSION = YES;
				GCC_WARN_ABOUT_RETURN_TYPE = YES_ERROR;
				GCC_WARN_UNDECLARED_SELECTOR = YES;
				GCC_WARN_UNINITIALIZED_AUTOS = YES_AGGRESSIVE;
				GCC_WARN_UNUSED_FUNCTION = YES;
				GCC_WARN_UNUSED_VARIABLE = YES;
				IPHONEOS_DEPLOYMENT_TARGET = 14.5;
				MTL_ENABLE_DEBUG_INFO = NO;
				MTL_FAST_MATH = YES;
				SDKROOT = iphoneos;
				SWIFT_COMPILATION_MODE = wholemodule;
				SWIFT_OPTIMIZATION_LEVEL = "-O";
				VALIDATE_PRODUCT = YES;
			};
			name = Release;
		};
		920A4B6D2696DC8E0088279C /* Debug */ = {
			isa = XCBuildConfiguration;
			buildSettings = {
				ASSETCATALOG_COMPILER_APPICON_NAME = AppIcon;
				ASSETCATALOG_COMPILER_GLOBAL_ACCENT_COLOR_NAME = AccentColor;
				CODE_SIGN_STYLE = Automatic;
				DEVELOPMENT_TEAM = AWN3QD4X7Y;
				INFOPLIST_FILE = WeatherApp/Info.plist;
				LD_RUNPATH_SEARCH_PATHS = (
					"$(inherited)",
					"@executable_path/Frameworks",
				);
				PRODUCT_BUNDLE_IDENTIFIER = DenisVinokurov.WeatherApp;
				PRODUCT_NAME = "$(TARGET_NAME)";
				SWIFT_VERSION = 5.0;
				TARGETED_DEVICE_FAMILY = "1,2";
			};
			name = Debug;
		};
		920A4B6E2696DC8E0088279C /* Release */ = {
			isa = XCBuildConfiguration;
			buildSettings = {
				ASSETCATALOG_COMPILER_APPICON_NAME = AppIcon;
				ASSETCATALOG_COMPILER_GLOBAL_ACCENT_COLOR_NAME = AccentColor;
				CODE_SIGN_STYLE = Automatic;
				DEVELOPMENT_TEAM = AWN3QD4X7Y;
				INFOPLIST_FILE = WeatherApp/Info.plist;
				LD_RUNPATH_SEARCH_PATHS = (
					"$(inherited)",
					"@executable_path/Frameworks",
				);
				PRODUCT_BUNDLE_IDENTIFIER = DenisVinokurov.WeatherApp;
				PRODUCT_NAME = "$(TARGET_NAME)";
				SWIFT_VERSION = 5.0;
				TARGETED_DEVICE_FAMILY = "1,2";
			};
			name = Release;
		};
/* End XCBuildConfiguration section */

/* Begin XCConfigurationList section */
		920A4B532696DC8A0088279C /* Build configuration list for PBXProject "WeatherApp" */ = {
			isa = XCConfigurationList;
			buildConfigurations = (
				920A4B6A2696DC8E0088279C /* Debug */,
				920A4B6B2696DC8E0088279C /* Release */,
			);
			defaultConfigurationIsVisible = 0;
			defaultConfigurationName = Release;
		};
		920A4B6C2696DC8E0088279C /* Build configuration list for PBXNativeTarget "WeatherApp" */ = {
			isa = XCConfigurationList;
			buildConfigurations = (
				920A4B6D2696DC8E0088279C /* Debug */,
				920A4B6E2696DC8E0088279C /* Release */,
			);
			defaultConfigurationIsVisible = 0;
			defaultConfigurationName = Release;
		};
/* End XCConfigurationList section */
	};
	rootObject = 920A4B502696DC8A0088279C /* Project object */;
}
